
Microsoft Visual Studio Solution File, Format Version 12.00
# Visual Studio Version 17
VisualStudioVersion = 17.13.35617.110 d17.13
MinimumVisualStudioVersion = 10.0.40219.1
Project("{FAE04EC0-301F-11D3-BF4B-00C04F79EFBC}") = "WinFormsApp1", "WinFormsApp1\WinFormsApp1.csproj", "{0A56D6BF-C031-4A56-8ABC-B20DEF4203F5}"
EndProject
Global
	GlobalSection(SolutionConfigurationPlatforms) = preSolution
		Debug|Any CPU = Debug|Any CPU
		Release|Any CPU = Release|Any CPU
	EndGlobalSection
	GlobalSection(ProjectConfigurationPlatforms) = postSolution
		{0A56D6BF-C031-4A56-8ABC-B20DEF4203F5}.Debug|Any CPU.ActiveCfg = Debug|Any CPU
		{0A56D6BF-C031-4A56-8ABC-B20DEF4203F5}.Debug|Any CPU.Build.0 = Debug|Any CPU
		{0A56D6BF-C031-4A56-8ABC-B20DEF4203F5}.Release|Any CPU.ActiveCfg = Release|Any CPU
		{0A56D6BF-C031-4A56-8ABC-B20DEF4203F5}.Release|Any CPU.Build.0 = Release|Any CPU
	EndGlobalSection
	GlobalSection(SolutionProperties) = preSolution
		HideSolutionNode = FALSE
	EndGlobalSection
	GlobalSection(ExtensibilityGlobals) = postSolution
		SolutionGuid = {7626E93F-31AB-4DC8-B996-B40C66B9368B}
	EndGlobalSection
EndGlobal
